
Microsoft Visual Studio Solution File, Format Version 12.00
# Visual Studio 14
VisualStudioVersion = 14.0.25123.0
MinimumVisualStudioVersion = 10.0.40219.1
Project("{2150E333-8FDC-42A3-9474-1A3956D46DE8}") = "Engine", "Engine", "{76FCE2BC-1571-48ED-B2B9-3E9A3E4ED0B2}"
EndProject
Project("{2150E333-8FDC-42A3-9474-1A3956D46DE8}") = "Games", "Games", "{320CC003-761A-4235-A8BC-79BD7FD8889C}"
EndProject
Project("{8BC9CEB8-8B4A-11D0-8D11-00A0C91BC942}") = "UE4", "Intermediate\ProjectFiles\UE4.vcxproj", "{90F11B43-D455-4362-A627-3B5D984B6861}"
EndProject
Project("{8BC9CEB8-8B4A-11D0-8D11-00A0C91BC942}") = "Gulf", "Intermediate\ProjectFiles\Gulf.vcxproj", "{12D699A0-FB79-480B-BACB-C19EA0A6227D}"
EndProject
Global
	GlobalSection(SolutionConfigurationPlatforms) = preSolution
		DebugGame Editor|Win32 = DebugGame Editor|Win32
		DebugGame Editor|Win64 = DebugGame Editor|Win64
		DebugGame|Win32 = DebugGame|Win32
		DebugGame|Win64 = DebugGame|Win64
		Development Editor|Win32 = Development Editor|Win32
		Development Editor|Win64 = Development Editor|Win64
		Development|Win32 = Development|Win32
		Development|Win64 = Development|Win64
		Shipping|Win32 = Shipping|Win32
		Shipping|Win64 = Shipping|Win64
	EndGlobalSection
	GlobalSection(ProjectConfigurationPlatforms) = postSolution
		{90F11B43-D455-4362-A627-3B5D984B6861}.DebugGame Editor|Win32.ActiveCfg = BuiltWithUnrealBuildTool|Win32
		{90F11B43-D455-4362-A627-3B5D984B6861}.DebugGame Editor|Win32.Build.0 = BuiltWithUnrealBuildTool|Win32
		{90F11B43-D455-4362-A627-3B5D984B6861}.DebugGame Editor|Win64.ActiveCfg = BuiltWithUnrealBuildTool|Win32
		{90F11B43-D455-4362-A627-3B5D984B6861}.DebugGame Editor|Win64.Build.0 = BuiltWithUnrealBuildTool|Win32
		{90F11B43-D455-4362-A627-3B5D984B6861}.DebugGame|Win32.ActiveCfg = BuiltWithUnrealBuildTool|Win32
		{90F11B43-D455-4362-A627-3B5D984B6861}.DebugGame|Win32.Build.0 = BuiltWithUnrealBuildTool|Win32
		{90F11B43-D455-4362-A627-3B5D984B6861}.DebugGame|Win64.ActiveCfg = BuiltWithUnrealBuildTool|Win32
		{90F11B43-D455-4362-A627-3B5D984B6861}.DebugGame|Win64.Build.0 = BuiltWithUnrealBuildTool|Win32
		{90F11B43-D455-4362-A627-3B5D984B6861}.Development Editor|Win32.ActiveCfg = BuiltWithUnrealBuildTool|Win32
		{90F11B43-D455-4362-A627-3B5D984B6861}.Development Editor|Win32.Build.0 = BuiltWithUnrealBuildTool|Win32
		{90F11B43-D455-4362-A627-3B5D984B6861}.Development Editor|Win64.ActiveCfg = BuiltWithUnrealBuildTool|Win32
		{90F11B43-D455-4362-A627-3B5D984B6861}.Development Editor|Win64.Build.0 = BuiltWithUnrealBuildTool|Win32
		{90F11B43-D455-4362-A627-3B5D984B6861}.Development|Win32.ActiveCfg = BuiltWithUnrealBuildTool|Win32
		{90F11B43-D455-4362-A627-3B5D984B6861}.Development|Win32.Build.0 = BuiltWithUnrealBuildTool|Win32
		{90F11B43-D455-4362-A627-3B5D984B6861}.Development|Win64.ActiveCfg = BuiltWithUnrealBuildTool|Win32
		{90F11B43-D455-4362-A627-3B5D984B6861}.Development|Win64.Build.0 = BuiltWithUnrealBuildTool|Win32
		{90F11B43-D455-4362-A627-3B5D984B6861}.Shipping|Win32.ActiveCfg = BuiltWithUnrealBuildTool|Win32
		{90F11B43-D455-4362-A627-3B5D984B6861}.Shipping|Win32.Build.0 = BuiltWithUnrealBuildTool|Win32
		{90F11B43-D455-4362-A627-3B5D984B6861}.Shipping|Win64.ActiveCfg = BuiltWithUnrealBuildTool|Win32
		{90F11B43-D455-4362-A627-3B5D984B6861}.Shipping|Win64.Build.0 = BuiltWithUnrealBuildTool|Win32
		{12D699A0-FB79-480B-BACB-C19EA0A6227D}.DebugGame Editor|Win32.ActiveCfg = DebugGame_Editor|Win32
		{12D699A0-FB79-480B-BACB-C19EA0A6227D}.DebugGame Editor|Win64.ActiveCfg = DebugGame_Editor|x64
		{12D699A0-FB79-480B-BACB-C19EA0A6227D}.DebugGame Editor|Win64.Build.0 = DebugGame_Editor|x64
		{12D699A0-FB79-480B-BACB-C19EA0A6227D}.DebugGame|Win32.ActiveCfg = DebugGame_Game|Win32
		{12D699A0-FB79-480B-BACB-C19EA0A6227D}.DebugGame|Win32.Build.0 = DebugGame_Game|Win32
		{12D699A0-FB79-480B-BACB-C19EA0A6227D}.DebugGame|Win64.ActiveCfg = DebugGame_Game|x64
		{12D699A0-FB79-480B-BACB-C19EA0A6227D}.DebugGame|Win64.Build.0 = DebugGame_Game|x64
		{12D699A0-FB79-480B-BACB-C19EA0A6227D}.Development Editor|Win32.ActiveCfg = Development_Editor|Win32
		{12D699A0-FB79-480B-BACB-C19EA0A6227D}.Development Editor|Win64.ActiveCfg = Development_Editor|x64
		{12D699A0-FB79-480B-BACB-C19EA0A6227D}.Development Editor|Win64.Build.0 = Development_Editor|x64
		{12D699A0-FB79-480B-BACB-C19EA0A6227D}.Development|Win32.ActiveCfg = Development_Game|Win32
		{12D699A0-FB79-480B-BACB-C19EA0A6227D}.Development|Win32.Build.0 = Development_Game|Win32
		{12D699A0-FB79-480B-BACB-C19EA0A6227D}.Development|Win64.ActiveCfg = Development_Game|x64
		{12D699A0-FB79-480B-BACB-C19EA0A6227D}.Development|Win64.Build.0 = Development_Game|x64
		{12D699A0-FB79-480B-BACB-C19EA0A6227D}.Shipping|Win32.ActiveCfg = Shipping_Game|Win32
		{12D699A0-FB79-480B-BACB-C19EA0A6227D}.Shipping|Win32.Build.0 = Shipping_Game|Win32
		{12D699A0-FB79-480B-BACB-C19EA0A6227D}.Shipping|Win64.ActiveCfg = Shipping_Game|x64
		{12D699A0-FB79-480B-BACB-C19EA0A6227D}.Shipping|Win64.Build.0 = Shipping_Game|x64
	EndGlobalSection
	GlobalSection(SolutionProperties) = preSolution
		HideSolutionNode = FALSE
	EndGlobalSection
	GlobalSection(NestedProjects) = preSolution
		{90F11B43-D455-4362-A627-3B5D984B6861} = {76FCE2BC-1571-48ED-B2B9-3E9A3E4ED0B2}
		{12D699A0-FB79-480B-BACB-C19EA0A6227D} = {320CC003-761A-4235-A8BC-79BD7FD8889C}
	EndGlobalSection
EndGlobal
